// !$*UTF8*$!
{
	archiveVersion = 1;
	classes = {
	};
	objectVersion = 48;
	objects = {

/* Begin PBXBuildFile section */
		1B77A68E1F9CFB6300BDA309 /* AppDelegate.swift in Sources */ = {isa = PBXBuildFile; fileRef = 1B77A68D1F9CFB6300BDA309 /* AppDelegate.swift */; };
		1B77A6901F9CFB6300BDA309 /* ViewController.swift in Sources */ = {isa = PBXBuildFile; fileRef = 1B77A68F1F9CFB6300BDA309 /* ViewController.swift */; };
		1B77A6931F9CFB6300BDA309 /* Main.storyboard in Resources */ = {isa = PBXBuildFile; fileRef = 1B77A6911F9CFB6300BDA309 /* Main.storyboard */; };
		1B77A6951F9CFB6300BDA309 /* Assets.xcassets in Resources */ = {isa = PBXBuildFile; fileRef = 1B77A6941F9CFB6300BDA309 /* Assets.xcassets */; };
		1B77A6981F9CFB6300BDA309 /* LaunchScreen.storyboard in Resources */ = {isa = PBXBuildFile; fileRef = 1B77A6961F9CFB6300BDA309 /* LaunchScreen.storyboard */; };
		1B77A6A01F9CFC6700BDA309 /* PageViewController.swift in Sources */ = {isa = PBXBuildFile; fileRef = 1B77A69F1F9CFC6700BDA309 /* PageViewController.swift */; };
		1B77A6A21F9D200700BDA309 /* IamViewController.swift in Sources */ = {isa = PBXBuildFile; fileRef = 1B77A6A11F9D200700BDA309 /* IamViewController.swift */; };
		1B77A6A41F9D209A00BDA309 /* anketa.pdf in Resources */ = {isa = PBXBuildFile; fileRef = 1B77A6A31F9D209A00BDA309 /* anketa.pdf */; };
		1B77A6A61F9DEED200BDA309 /* CommentsViewController.swift in Sources */ = {isa = PBXBuildFile; fileRef = 1B77A6A51F9DEED200BDA309 /* CommentsViewController.swift */; };
		1B77A6A81F9DF8AB00BDA309 /* UsersViewController.swift in Sources */ = {isa = PBXBuildFile; fileRef = 1B77A6A71F9DF8AB00BDA309 /* UsersViewController.swift */; };
		1B77A6AA1F9DFFD600BDA309 /* PhotoViewController.swift in Sources */ = {isa = PBXBuildFile; fileRef = 1B77A6A91F9DFFD600BDA309 /* PhotoViewController.swift */; };
		1B77A6AC1F9E190100BDA309 /* TodosViewController.swift in Sources */ = {isa = PBXBuildFile; fileRef = 1B77A6AB1F9E190100BDA309 /* TodosViewController.swift */; };
/* End PBXBuildFile section */

/* Begin PBXFileReference section */
		1B77A68A1F9CFB6300BDA309 /* testPageControl.app */ = {isa = PBXFileReference; explicitFileType = wrapper.application; includeInIndex = 0; path = testPageControl.app; sourceTree = BUILT_PRODUCTS_DIR; };
		1B77A68D1F9CFB6300BDA309 /* AppDelegate.swift */ = {isa = PBXFileReference; lastKnownFileType = sourcecode.swift; path = AppDelegate.swift; sourceTree = "<group>"; };
		1B77A68F1F9CFB6300BDA309 /* ViewController.swift */ = {isa = PBXFileReference; lastKnownFileType = sourcecode.swift; path = ViewController.swift; sourceTree = "<group>"; };
		1B77A6921F9CFB6300BDA309 /* Base */ = {isa = PBXFileReference; lastKnownFileType = file.storyboard; name = Base; path = Base.lproj/Main.storyboard; sourceTree = "<group>"; };
		1B77A6941F9CFB6300BDA309 /* Assets.xcassets */ = {isa = PBXFileReference; lastKnownFileType = folder.assetcatalog; path = Assets.xcassets; sourceTree = "<group>"; };
		1B77A6971F9CFB6300BDA309 /* Base */ = {isa = PBXFileReference; lastKnownFileType = file.storyboard; name = Base; path = Base.lproj/LaunchScreen.storyboard; sourceTree = "<group>"; };
		1B77A6991F9CFB6300BDA309 /* Info.plist */ = {isa = PBXFileReference; lastKnownFileType = text.plist.xml; path = Info.plist; sourceTree = "<group>"; };
		1B77A69F1F9CFC6700BDA309 /* PageViewController.swift */ = {isa = PBXFileReference; lastKnownFileType = sourcecode.swift; path = PageViewController.swift; sourceTree = "<group>"; };
		1B77A6A11F9D200700BDA309 /* IamViewController.swift */ = {isa = PBXFileReference; lastKnownFileType = sourcecode.swift; path = IamViewController.swift; sourceTree = "<group>"; };
		1B77A6A31F9D209A00BDA309 /* anketa.pdf */ = {isa = PBXFileReference; lastKnownFileType = image.pdf; name = anketa.pdf; path = ../../../../../Desktop/anketa.pdf; sourceTree = "<group>"; };
		1B77A6A51F9DEED200BDA309 /* CommentsViewController.swift */ = {isa = PBXFileReference; lastKnownFileType = sourcecode.swift; path = CommentsViewController.swift; sourceTree = "<group>"; };
		1B77A6A71F9DF8AB00BDA309 /* UsersViewController.swift */ = {isa = PBXFileReference; lastKnownFileType = sourcecode.swift; path = UsersViewController.swift; sourceTree = "<group>"; };
		1B77A6A91F9DFFD600BDA309 /* PhotoViewController.swift */ = {isa = PBXFileReference; lastKnownFileType = sourcecode.swift; path = PhotoViewController.swift; sourceTree = "<group>"; };
		1B77A6AB1F9E190100BDA309 /* TodosViewController.swift */ = {isa = PBXFileReference; lastKnownFileType = sourcecode.swift; path = TodosViewController.swift; sourceTree = "<group>"; };
		1B77A6AF1F9E27A600BDA309 /* anketa.pdf */ = {isa = PBXFileReference; lastKnownFileType = image.pdf; path = anketa.pdf; sourceTree = "<group>"; };
/* End PBXFileReference section */

/* Begin PBXFrameworksBuildPhase section */
		1B77A6871F9CFB6300BDA309 /* Frameworks */ = {
			isa = PBXFrameworksBuildPhase;
			buildActionMask = 2147483647;
			files = (
			);
			runOnlyForDeploymentPostprocessing = 0;
		};
/* End PBXFrameworksBuildPhase section */

/* Begin PBXGroup section */
		1B77A6811F9CFB6300BDA309 = {
			isa = PBXGroup;
			children = (
				1B77A68C1F9CFB6300BDA309 /* testPageControl */,
				1B77A68B1F9CFB6300BDA309 /* Products */,
			);
			sourceTree = "<group>";
		};
		1B77A68B1F9CFB6300BDA309 /* Products */ = {
			isa = PBXGroup;
			children = (
				1B77A68A1F9CFB6300BDA309 /* testPageControl.app */,
			);
			name = Products;
			sourceTree = "<group>";
		};
		1B77A68C1F9CFB6300BDA309 /* testPageControl */ = {
			isa = PBXGroup;
			children = (
				1B77A68D1F9CFB6300BDA309 /* AppDelegate.swift */,
				1B77A6B01F9E27AF00BDA309 /* view */,
				1B77A6AE1F9E27A100BDA309 /* pdf */,
				1B77A6AD1F9E278200BDA309 /* Controller */,
				1B77A6941F9CFB6300BDA309 /* Assets.xcassets */,
				1B77A6A31F9D209A00BDA309 /* anketa.pdf */,
				1B77A6991F9CFB6300BDA309 /* Info.plist */,
			);
			path = testPageControl;
			sourceTree = "<group>";
		};
		1B77A6AD1F9E278200BDA309 /* Controller */ = {
			isa = PBXGroup;
			children = (
				1B77A6AB1F9E190100BDA309 /* TodosViewController.swift */,
				1B77A6A91F9DFFD600BDA309 /* PhotoViewController.swift */,
				1B77A6A71F9DF8AB00BDA309 /* UsersViewController.swift */,
				1B77A68F1F9CFB6300BDA309 /* ViewController.swift */,
				1B77A69F1F9CFC6700BDA309 /* PageViewController.swift */,
				1B77A6A11F9D200700BDA309 /* IamViewController.swift */,
				1B77A6A51F9DEED200BDA309 /* CommentsViewController.swift */,
			);
			path = Controller;
			sourceTree = "<group>";
		};
		1B77A6AE1F9E27A100BDA309 /* pdf */ = {
			isa = PBXGroup;
			children = (
				1B77A6AF1F9E27A600BDA309 /* anketa.pdf */,
			);
			path = pdf;
			sourceTree = "<group>";
		};
		1B77A6B01F9E27AF00BDA309 /* view */ = {
			isa = PBXGroup;
			children = (
				1B77A6961F9CFB6300BDA309 /* LaunchScreen.storyboard */,
				1B77A6911F9CFB6300BDA309 /* Main.storyboard */,
			);
			path = view;
			sourceTree = "<group>";
		};
/* End PBXGroup section */

/* Begin PBXNativeTarget section */
		1B77A6891F9CFB6300BDA309 /* testPageControl */ = {
			isa = PBXNativeTarget;
			buildConfigurationList = 1B77A69C1F9CFB6300BDA309 /* Build configuration list for PBXNativeTarget "testPageControl" */;
			buildPhases = (
				1B77A6861F9CFB6300BDA309 /* Sources */,
				1B77A6871F9CFB6300BDA309 /* Frameworks */,
				1B77A6881F9CFB6300BDA309 /* Resources */,
			);
			buildRules = (
			);
			dependencies = (
			);
			name = testPageControl;
			productName = testPageControl;
			productReference = 1B77A68A1F9CFB6300BDA309 /* testPageControl.app */;
			productType = "com.apple.product-type.application";
		};
/* End PBXNativeTarget section */

/* Begin PBXProject section */
		1B77A6821F9CFB6300BDA309 /* Project object */ = {
			isa = PBXProject;
			attributes = {
				LastSwiftUpdateCheck = 0910;
				LastUpgradeCheck = 0910;
				ORGANIZATIONNAME = "Руслан";
				TargetAttributes = {
					1B77A6891F9CFB6300BDA309 = {
						CreatedOnToolsVersion = 9.1;
						ProvisioningStyle = Automatic;
					};
				};
			};
			buildConfigurationList = 1B77A6851F9CFB6300BDA309 /* Build configuration list for PBXProject "testPageControl" */;
			compatibilityVersion = "Xcode 8.0";
			developmentRegion = en;
			hasScannedForEncodings = 0;
			knownRegions = (
				en,
				Base,
			);
			mainGroup = 1B77A6811F9CFB6300BDA309;
			productRefGroup = 1B77A68B1F9CFB6300BDA309 /* Products */;
			projectDirPath = "";
			projectRoot = "";
			targets = (
				1B77A6891F9CFB6300BDA309 /* testPageControl */,
			);
		};
/* End PBXProject section */

/* Begin PBXResourcesBuildPhase section */
		1B77A6881F9CFB6300BDA309 /* Resources */ = {
			isa = PBXResourcesBuildPhase;
			buildActionMask = 2147483647;
			files = (
				1B77A6981F9CFB6300BDA309 /* LaunchScreen.storyboard in Resources */,
				1B77A6951F9CFB6300BDA309 /* Assets.xcassets in Resources */,
				1B77A6A41F9D209A00BDA309 /* anketa.pdf in Resources */,
				1B77A6931F9CFB6300BDA309 /* Main.storyboard in Resources */,
			);
			runOnlyForDeploymentPostprocessing = 0;
		};
/* End PBXResourcesBuildPhase section */

/* Begin PBXSourcesBuildPhase section */
		1B77A6861F9CFB6300BDA309 /* Sources */ = {
			isa = PBXSourcesBuildPhase;
			buildActionMask = 2147483647;
			files = (
				1B77A6A21F9D200700BDA309 /* IamViewController.swift in Sources */,
				1B77A6A81F9DF8AB00BDA309 /* UsersViewController.swift in Sources */,
				1B77A6A01F9CFC6700BDA309 /* PageViewController.swift in Sources */,
				1B77A6901F9CFB6300BDA309 /* ViewController.swift in Sources */,
				1B77A6AC1F9E190100BDA309 /* TodosViewController.swift in Sources */,
				1B77A6AA1F9DFFD600BDA309 /* PhotoViewController.swift in Sources */,
				1B77A6A61F9DEED200BDA309 /* CommentsViewController.swift in Sources */,
				1B77A68E1F9CFB6300BDA309 /* AppDelegate.swift in Sources */,
			);
			runOnlyForDeploymentPostprocessing = 0;
		};
/* End PBXSourcesBuildPhase section */

/* Begin PBXVariantGroup section */
		1B77A6911F9CFB6300BDA309 /* Main.storyboard */ = {
			isa = PBXVariantGroup;
			children = (
				1B77A6921F9CFB6300BDA309 /* Base */,
			);
			name = Main.storyboard;
			sourceTree = "<group>";
		};
		1B77A6961F9CFB6300BDA309 /* LaunchScreen.storyboard */ = {
			isa = PBXVariantGroup;
			children = (
				1B77A6971F9CFB6300BDA309 /* Base */,
			);
			name = LaunchScreen.storyboard;
			sourceTree = "<group>";
		};
/* End PBXVariantGroup section */

/* Begin XCBuildConfiguration section */
		1B77A69A1F9CFB6300BDA309 /* Debug */ = {
			isa = XCBuildConfiguration;
			buildSettings = {
				ALWAYS_SEARCH_USER_PATHS = NO;
				CLANG_ANALYZER_NONNULL = YES;
				CLANG_ANALYZER_NUMBER_OBJECT_CONVERSION = YES_AGGRESSIVE;
				CLANG_CXX_LANGUAGE_STANDARD = "gnu++14";
				CLANG_CXX_LIBRARY = "libc++";
				CLANG_ENABLE_MODULES = YES;
				CLANG_ENABLE_OBJC_ARC = YES;
				CLANG_WARN_BLOCK_CAPTURE_AUTORELEASING = YES;
				CLANG_WARN_BOOL_CONVERSION = YES;
				CLANG_WARN_COMMA = YES;
				CLANG_WARN_CONSTANT_CONVERSION = YES;
				CLANG_WARN_DIRECT_OBJC_ISA_USAGE = YES_ERROR;
				CLANG_WARN_DOCUMENTATION_COMMENTS = YES;
				CLANG_WARN_EMPTY_BODY = YES;
				CLANG_WARN_ENUM_CONVERSION = YES;
				CLANG_WARN_INFINITE_RECURSION = YES;
				CLANG_WARN_INT_CONVERSION = YES;
				CLANG_WARN_NON_LITERAL_NULL_CONVERSION = YES;
				CLANG_WARN_OBJC_LITERAL_CONVERSION = YES;
				CLANG_WARN_OBJC_ROOT_CLASS = YES_ERROR;
				CLANG_WARN_RANGE_LOOP_ANALYSIS = YES;
				CLANG_WARN_STRICT_PROTOTYPES = YES;
				CLANG_WARN_SUSPICIOUS_MOVE = YES;
				CLANG_WARN_UNGUARDED_AVAILABILITY = YES_AGGRESSIVE;
				CLANG_WARN_UNREACHABLE_CODE = YES;
				CLANG_WARN__DUPLICATE_METHOD_MATCH = YES;
				CODE_SIGN_IDENTITY = "iPhone Developer";
				COPY_PHASE_STRIP = NO;
				DEBUG_INFORMATION_FORMAT = dwarf;
				ENABLE_STRICT_OBJC_MSGSEND = YES;
				ENABLE_TESTABILITY = YES;
				GCC_C_LANGUAGE_STANDARD = gnu11;
				GCC_DYNAMIC_NO_PIC = NO;
				GCC_NO_COMMON_BLOCKS = YES;
				GCC_OPTIMIZATION_LEVEL = 0;
				GCC_PREPROCESSOR_DEFINITIONS = (
					"DEBUG=1",
					"$(inherited)",
				);
				GCC_WARN_64_TO_32_BIT_CONVERSION = YES;
				GCC_WARN_ABOUT_RETURN_TYPE = YES_ERROR;
				GCC_WARN_UNDECLARED_SELECTOR = YES;
				GCC_WARN_UNINITIALIZED_AUTOS = YES_AGGRESSIVE;
				GCC_WARN_UNUSED_FUNCTION = YES;
				GCC_WARN_UNUSED_VARIABLE = YES;
				IPHONEOS_DEPLOYMENT_TARGET = 11.1;
				MTL_ENABLE_DEBUG_INFO = YES;
				ONLY_ACTIVE_ARCH = YES;
				SDKROOT = iphoneos;
				SWIFT_ACTIVE_COMPILATION_CONDITIONS = DEBUG;
				SWIFT_OPTIMIZATION_LEVEL = "-Onone";
			};
			name = Debug;
		};
		1B77A69B1F9CFB6300BDA309 /* Release */ = {
			isa = XCBuildConfiguration;
			buildSettings = {
				ALWAYS_SEARCH_USER_PATHS = NO;
				CLANG_ANALYZER_NONNULL = YES;
				CLANG_ANALYZER_NUMBER_OBJECT_CONVERSION = YES_AGGRESSIVE;
				CLANG_CXX_LANGUAGE_STANDARD = "gnu++14";
				CLANG_CXX_LIBRARY = "libc++";
				CLANG_ENABLE_MODULES = YES;
				CLANG_ENABLE_OBJC_ARC = YES;
				CLANG_WARN_BLOCK_CAPTURE_AUTORELEASING = YES;
				CLANG_WARN_BOOL_CONVERSION = YES;
				CLANG_WARN_COMMA = YES;
				CLANG_WARN_CONSTANT_CONVERSION = YES;
				CLANG_WARN_DIRECT_OBJC_ISA_USAGE = YES_ERROR;
				CLANG_WARN_DOCUMENTATION_COMMENTS = YES;
				CLANG_WARN_EMPTY_BODY = YES;
				CLANG_WARN_ENUM_CONVERSION = YES;
				CLANG_WARN_INFINITE_RECURSION = YES;
				CLANG_WARN_INT_CONVERSION = YES;
				CLANG_WARN_NON_LITERAL_NULL_CONVERSION = YES;
				CLANG_WARN_OBJC_LITERAL_CONVERSION = YES;
				CLANG_WARN_OBJC_ROOT_CLASS = YES_ERROR;
				CLANG_WARN_RANGE_LOOP_ANALYSIS = YES;
				CLANG_WARN_STRICT_PROTOTYPES = YES;
				CLANG_WARN_SUSPICIOUS_MOVE = YES;
				CLANG_WARN_UNGUARDED_AVAILABILITY = YES_AGGRESSIVE;
				CLANG_WARN_UNREACHABLE_CODE = YES;
				CLANG_WARN__DUPLICATE_METHOD_MATCH = YES;
				CODE_SIGN_IDENTITY = "iPhone Developer";
				COPY_PHASE_STRIP = NO;
				DEBUG_INFORMATION_FORMAT = "dwarf-with-dsym";
				ENABLE_NS_ASSERTIONS = NO;
				ENABLE_STRICT_OBJC_MSGSEND = YES;
				GCC_C_LANGUAGE_STANDARD = gnu11;
				GCC_NO_COMMON_BLOCKS = YES;
				GCC_WARN_64_TO_32_BIT_CONVERSION = YES;
				GCC_WARN_ABOUT_RETURN_TYPE = YES_ERROR;
				GCC_WARN_UNDECLARED_SELECTOR = YES;
				GCC_WARN_UNINITIALIZED_AUTOS = YES_AGGRESSIVE;
				GCC_WARN_UNUSED_FUNCTION = YES;
				GCC_WARN_UNUSED_VARIABLE = YES;
				IPHONEOS_DEPLOYMENT_TARGET = 11.1;
				MTL_ENABLE_DEBUG_INFO = NO;
				SDKROOT = iphoneos;
				SWIFT_OPTIMIZATION_LEVEL = "-Owholemodule";
				VALIDATE_PRODUCT = YES;
			};
			name = Release;
		};
		1B77A69D1F9CFB6300BDA309 /* Debug */ = {
			isa = XCBuildConfiguration;
			buildSettings = {
				ASSETCATALOG_COMPILER_APPICON_NAME = AppIcon;
				CODE_SIGN_STYLE = Automatic;
				DEVELOPMENT_TEAM = 35Z3V435NR;
				INFOPLIST_FILE = testPageControl/Info.plist;
				LD_RUNPATH_SEARCH_PATHS = "$(inherited) @executable_path/Frameworks";
				PRODUCT_BUNDLE_IDENTIFIER = "ruslan-rudenya-mail.ru.testPageControl";
				PRODUCT_NAME = "$(TARGET_NAME)";
				SWIFT_VERSION = 4.0;
				TARGETED_DEVICE_FAMILY = "1,2";
			};
			name = Debug;
		};
		1B77A69E1F9CFB6300BDA309 /* Release */ = {
			isa = XCBuildConfiguration;
			buildSettings = {
				ASSETCATALOG_COMPILER_APPICON_NAME = AppIcon;
				CODE_SIGN_STYLE = Automatic;
				DEVELOPMENT_TEAM = 35Z3V435NR;
				INFOPLIST_FILE = testPageControl/Info.plist;
				LD_RUNPATH_SEARCH_PATHS = "$(inherited) @executable_path/Frameworks";
				PRODUCT_BUNDLE_IDENTIFIER = "ruslan-rudenya-mail.ru.testPageControl";
				PRODUCT_NAME = "$(TARGET_NAME)";
				SWIFT_VERSION = 4.0;
				TARGETED_DEVICE_FAMILY = "1,2";
			};
			name = Release;
		};
/* End XCBuildConfiguration section */

/* Begin XCConfigurationList section */
		1B77A6851F9CFB6300BDA309 /* Build configuration list for PBXProject "testPageControl" */ = {
			isa = XCConfigurationList;
			buildConfigurations = (
				1B77A69A1F9CFB6300BDA309 /* Debug */,
				1B77A69B1F9CFB6300BDA309 /* Release */,
			);
			defaultConfigurationIsVisible = 0;
			defaultConfigurationName = Release;
		};
		1B77A69C1F9CFB6300BDA309 /* Build configuration list for PBXNativeTarget "testPageControl" */ = {
			isa = XCConfigurationList;
			buildConfigurations = (
				1B77A69D1F9CFB6300BDA309 /* Debug */,
				1B77A69E1F9CFB6300BDA309 /* Release */,
			);
			defaultConfigurationIsVisible = 0;
			defaultConfigurationName = Release;
		};
/* End XCConfigurationList section */
	};
	rootObject = 1B77A6821F9CFB6300BDA309 /* Project object */;
}
